
Microsoft Visual Studio Solution File, Format Version 12.00
# Visual Studio Version 16
VisualStudioVersion = 16.0.30611.23
MinimumVisualStudioVersion = 10.0.40219.1
Project("{FAE04EC0-301F-11D3-BF4B-00C04F79EFBC}") = "homework_matrix_", "homework_matrix_\homework_matrix_.csproj", "{27526C8E-FD25-4436-A14A-9AC041B4C3B7}"
EndProject
Global
	GlobalSection(SolutionConfigurationPlatforms) = preSolution
		Debug|Any CPU = Debug|Any CPU
		Release|Any CPU = Release|Any CPU
	EndGlobalSection
	GlobalSection(ProjectConfigurationPlatforms) = postSolution
		{27526C8E-FD25-4436-A14A-9AC041B4C3B7}.Debug|Any CPU.ActiveCfg = Debug|Any CPU
		{27526C8E-FD25-4436-A14A-9AC041B4C3B7}.Debug|Any CPU.Build.0 = Debug|Any CPU
		{27526C8E-FD25-4436-A14A-9AC041B4C3B7}.Release|Any CPU.ActiveCfg = Release|Any CPU
		{27526C8E-FD25-4436-A14A-9AC041B4C3B7}.Release|Any CPU.Build.0 = Release|Any CPU
	EndGlobalSection
	GlobalSection(SolutionProperties) = preSolution
		HideSolutionNode = FALSE
	EndGlobalSection
	GlobalSection(ExtensibilityGlobals) = postSolution
		SolutionGuid = {3401DB51-BF8C-4E1B-AA1D-F04D75F0FD7A}
	EndGlobalSection
EndGlobal
